// !$*UTF8*$!
{
	archiveVersion = 1;
	classes = {
	};
	objectVersion = 46;
	objects = {

/* Begin PBXBuildFile section */
		5A4E86C3F7997D9A54B76596 /* Pods_Drawland.framework in Frameworks */ = {isa = PBXBuildFile; fileRef = 685CA820619062251918B03D /* Pods_Drawland.framework */; };
		91914D411CB8ECD80092C7A2 /* AppDelegate.swift in Sources */ = {isa = PBXBuildFile; fileRef = 91914D401CB8ECD80092C7A2 /* AppDelegate.swift */; };
		91914D431CB8ECD80092C7A2 /* ViewController.swift in Sources */ = {isa = PBXBuildFile; fileRef = 91914D421CB8ECD80092C7A2 /* ViewController.swift */; };
		91914D461CB8ECD80092C7A2 /* Main.storyboard in Resources */ = {isa = PBXBuildFile; fileRef = 91914D441CB8ECD80092C7A2 /* Main.storyboard */; };
		91914D481CB8ECD80092C7A2 /* Assets.xcassets in Resources */ = {isa = PBXBuildFile; fileRef = 91914D471CB8ECD80092C7A2 /* Assets.xcassets */; };
		9D9DE0521CB9141F0076C7BE /* GCD.swift in Sources */ = {isa = PBXBuildFile; fileRef = 9D9DE0511CB9141F0076C7BE /* GCD.swift */; };
/* End PBXBuildFile section */

/* Begin PBXFileReference section */
		0915CDC31268D4BB5AB6DE13 /* Pods-Drawland.release.xcconfig */ = {isa = PBXFileReference; includeInIndex = 1; lastKnownFileType = text.xcconfig; name = "Pods-Drawland.release.xcconfig"; path = "Pods/Target Support Files/Pods-Drawland/Pods-Drawland.release.xcconfig"; sourceTree = "<group>"; };
		685CA820619062251918B03D /* Pods_Drawland.framework */ = {isa = PBXFileReference; explicitFileType = wrapper.framework; includeInIndex = 0; path = Pods_Drawland.framework; sourceTree = BUILT_PRODUCTS_DIR; };
		7F7EEB78604C455D9DDAD1B5 /* Pods-Drawland.debug.xcconfig */ = {isa = PBXFileReference; includeInIndex = 1; lastKnownFileType = text.xcconfig; name = "Pods-Drawland.debug.xcconfig"; path = "Pods/Target Support Files/Pods-Drawland/Pods-Drawland.debug.xcconfig"; sourceTree = "<group>"; };
		81DA03AE1CB92EE80047489F /* Drawland-Bridging-Header.h */ = {isa = PBXFileReference; lastKnownFileType = sourcecode.c.h; path = "Drawland-Bridging-Header.h"; sourceTree = "<group>"; };
		91914D3D1CB8ECD80092C7A2 /* Drawland.app */ = {isa = PBXFileReference; explicitFileType = wrapper.application; includeInIndex = 0; path = Drawland.app; sourceTree = BUILT_PRODUCTS_DIR; };
		91914D401CB8ECD80092C7A2 /* AppDelegate.swift */ = {isa = PBXFileReference; lastKnownFileType = sourcecode.swift; path = AppDelegate.swift; sourceTree = "<group>"; };
		91914D421CB8ECD80092C7A2 /* ViewController.swift */ = {isa = PBXFileReference; lastKnownFileType = sourcecode.swift; path = ViewController.swift; sourceTree = "<group>"; };
		91914D451CB8ECD80092C7A2 /* Base */ = {isa = PBXFileReference; lastKnownFileType = file.storyboard; name = Base; path = Base.lproj/Main.storyboard; sourceTree = "<group>"; };
		91914D471CB8ECD80092C7A2 /* Assets.xcassets */ = {isa = PBXFileReference; lastKnownFileType = folder.assetcatalog; path = Assets.xcassets; sourceTree = "<group>"; };
		91914D491CB8ECD80092C7A2 /* Info.plist */ = {isa = PBXFileReference; lastKnownFileType = text.plist.xml; path = Info.plist; sourceTree = "<group>"; };
		9D9DE0511CB9141F0076C7BE /* GCD.swift */ = {isa = PBXFileReference; fileEncoding = 4; lastKnownFileType = sourcecode.swift; path = GCD.swift; sourceTree = "<group>"; };
/* End PBXFileReference section */

/* Begin PBXFrameworksBuildPhase section */
		91914D3A1CB8ECD80092C7A2 /* Frameworks */ = {
			isa = PBXFrameworksBuildPhase;
			buildActionMask = 2147483647;
			files = (
				5A4E86C3F7997D9A54B76596 /* Pods_Drawland.framework in Frameworks */,
			);
			runOnlyForDeploymentPostprocessing = 0;
		};
/* End PBXFrameworksBuildPhase section */

/* Begin PBXGroup section */
		91914D341CB8ECD80092C7A2 = {
			isa = PBXGroup;
			children = (
				91914D3F1CB8ECD80092C7A2 /* Drawland */,
				91914D3E1CB8ECD80092C7A2 /* Products */,
				B2980FC06E7CADB2DD9D57B8 /* Pods */,
				E36E47792C3822F52CCF0888 /* Frameworks */,
				81DA03AE1CB92EE80047489F /* Drawland-Bridging-Header.h */,
			);
			sourceTree = "<group>";
		};
		91914D3E1CB8ECD80092C7A2 /* Products */ = {
			isa = PBXGroup;
			children = (
				91914D3D1CB8ECD80092C7A2 /* Drawland.app */,
			);
			name = Products;
			sourceTree = "<group>";
		};
		91914D3F1CB8ECD80092C7A2 /* Drawland */ = {
			isa = PBXGroup;
			children = (
				91914D401CB8ECD80092C7A2 /* AppDelegate.swift */,
				91914D421CB8ECD80092C7A2 /* ViewController.swift */,
				91914D441CB8ECD80092C7A2 /* Main.storyboard */,
				91914D471CB8ECD80092C7A2 /* Assets.xcassets */,
				91914D491CB8ECD80092C7A2 /* Info.plist */,
				9D9DE0511CB9141F0076C7BE /* GCD.swift */,
			);
			path = Drawland;
			sourceTree = "<group>";
		};
		B2980FC06E7CADB2DD9D57B8 /* Pods */ = {
			isa = PBXGroup;
			children = (
				7F7EEB78604C455D9DDAD1B5 /* Pods-Drawland.debug.xcconfig */,
				0915CDC31268D4BB5AB6DE13 /* Pods-Drawland.release.xcconfig */,
			);
			name = Pods;
			sourceTree = "<group>";
		};
		E36E47792C3822F52CCF0888 /* Frameworks */ = {
			isa = PBXGroup;
			children = (
				685CA820619062251918B03D /* Pods_Drawland.framework */,
			);
			name = Frameworks;
			sourceTree = "<group>";
		};
/* End PBXGroup section */

/* Begin PBXNativeTarget section */
		91914D3C1CB8ECD80092C7A2 /* Drawland */ = {
			isa = PBXNativeTarget;
			buildConfigurationList = 91914D4C1CB8ECD80092C7A2 /* Build configuration list for PBXNativeTarget "Drawland" */;
			buildPhases = (
				3A974663A5ABE24FE186540D /* Check Pods Manifest.lock */,
				91914D391CB8ECD80092C7A2 /* Sources */,
				91914D3A1CB8ECD80092C7A2 /* Frameworks */,
				91914D3B1CB8ECD80092C7A2 /* Resources */,
				E8F4A1B7ACD64CCD5BDDB92A /* Embed Pods Frameworks */,
				F35D0508995FD2F4AC90688B /* Copy Pods Resources */,
			);
			buildRules = (
			);
			dependencies = (
			);
			name = Drawland;
			productName = Drawland;
			productReference = 91914D3D1CB8ECD80092C7A2 /* Drawland.app */;
			productType = "com.apple.product-type.application";
		};
/* End PBXNativeTarget section */

/* Begin PBXProject section */
		91914D351CB8ECD80092C7A2 /* Project object */ = {
			isa = PBXProject;
			attributes = {
				LastSwiftUpdateCheck = 0730;
				LastUpgradeCheck = 0730;
				ORGANIZATIONNAME = maluan;
				TargetAttributes = {
					91914D3C1CB8ECD80092C7A2 = {
						CreatedOnToolsVersion = 7.3;
						DevelopmentTeam = EAVQTDVRT7;
					};
				};
			};
			buildConfigurationList = 91914D381CB8ECD80092C7A2 /* Build configuration list for PBXProject "Drawland" */;
			compatibilityVersion = "Xcode 3.2";
			developmentRegion = English;
			hasScannedForEncodings = 0;
			knownRegions = (
				en,
				Base,
			);
			mainGroup = 91914D341CB8ECD80092C7A2;
			productRefGroup = 91914D3E1CB8ECD80092C7A2 /* Products */;
			projectDirPath = "";
			projectRoot = "";
			targets = (
				91914D3C1CB8ECD80092C7A2 /* Drawland */,
			);
		};
/* End PBXProject section */

/* Begin PBXResourcesBuildPhase section */
		91914D3B1CB8ECD80092C7A2 /* Resources */ = {
			isa = PBXResourcesBuildPhase;
			buildActionMask = 2147483647;
			files = (
				91914D481CB8ECD80092C7A2 /* Assets.xcassets in Resources */,
				91914D461CB8ECD80092C7A2 /* Main.storyboard in Resources */,
			);
			runOnlyForDeploymentPostprocessing = 0;
		};
/* End PBXResourcesBuildPhase section */

/* Begin PBXShellScriptBuildPhase section */
		3A974663A5ABE24FE186540D /* Check Pods Manifest.lock */ = {
			isa = PBXShellScriptBuildPhase;
			buildActionMask = 2147483647;
			files = (
			);
			inputPaths = (
			);
			name = "Check Pods Manifest.lock";
			outputPaths = (
			);
			runOnlyForDeploymentPostprocessing = 0;
			shellPath = /bin/sh;
			shellScript = "diff \"${PODS_ROOT}/../Podfile.lock\" \"${PODS_ROOT}/Manifest.lock\" > /dev/null\nif [[ $? != 0 ]] ; then\n    cat << EOM\nerror: The sandbox is not in sync with the Podfile.lock. Run 'pod install' or update your CocoaPods installation.\nEOM\n    exit 1\nfi\n";
			showEnvVarsInLog = 0;
		};
		E8F4A1B7ACD64CCD5BDDB92A /* Embed Pods Frameworks */ = {
			isa = PBXShellScriptBuildPhase;
			buildActionMask = 2147483647;
			files = (
			);
			inputPaths = (
			);
			name = "Embed Pods Frameworks";
			outputPaths = (
			);
			runOnlyForDeploymentPostprocessing = 0;
			shellPath = /bin/sh;
			shellScript = "\"${SRCROOT}/Pods/Target Support Files/Pods-Drawland/Pods-Drawland-frameworks.sh\"\n";
			showEnvVarsInLog = 0;
		};
		F35D0508995FD2F4AC90688B /* Copy Pods Resources */ = {
			isa = PBXShellScriptBuildPhase;
			buildActionMask = 2147483647;
			files = (
			);
			inputPaths = (
			);
			name = "Copy Pods Resources";
			outputPaths = (
			);
			runOnlyForDeploymentPostprocessing = 0;
			shellPath = /bin/sh;
			shellScript = "\"${SRCROOT}/Pods/Target Support Files/Pods-Drawland/Pods-Drawland-resources.sh\"\n";
			showEnvVarsInLog = 0;
		};
/* End PBXShellScriptBuildPhase section */

/* Begin PBXSourcesBuildPhase section */
		91914D391CB8ECD80092C7A2 /* Sources */ = {
			isa = PBXSourcesBuildPhase;
			buildActionMask = 2147483647;
			files = (
				9D9DE0521CB9141F0076C7BE /* GCD.swift in Sources */,
				91914D431CB8ECD80092C7A2 /* ViewController.swift in Sources */,
				91914D411CB8ECD80092C7A2 /* AppDelegate.swift in Sources */,
			);
			runOnlyForDeploymentPostprocessing = 0;
		};
/* End PBXSourcesBuildPhase section */

/* Begin PBXVariantGroup section */
		91914D441CB8ECD80092C7A2 /* Main.storyboard */ = {
			isa = PBXVariantGroup;
			children = (
				91914D451CB8ECD80092C7A2 /* Base */,
			);
			name = Main.storyboard;
			sourceTree = "<group>";
		};
/* End PBXVariantGroup section */

/* Begin XCBuildConfiguration section */
		91914D4A1CB8ECD80092C7A2 /* Debug */ = {
			isa = XCBuildConfiguration;
			buildSettings = {
				ALWAYS_SEARCH_USER_PATHS = NO;
				CLANG_ANALYZER_NONNULL = YES;
				CLANG_CXX_LANGUAGE_STANDARD = "gnu++0x";
				CLANG_CXX_LIBRARY = "libc++";
				CLANG_ENABLE_MODULES = YES;
				CLANG_ENABLE_OBJC_ARC = YES;
				CLANG_WARN_BOOL_CONVERSION = YES;
				CLANG_WARN_CONSTANT_CONVERSION = YES;
				CLANG_WARN_DIRECT_OBJC_ISA_USAGE = YES_ERROR;
				CLANG_WARN_EMPTY_BODY = YES;
				CLANG_WARN_ENUM_CONVERSION = YES;
				CLANG_WARN_INT_CONVERSION = YES;
				CLANG_WARN_OBJC_ROOT_CLASS = YES_ERROR;
				CLANG_WARN_UNREACHABLE_CODE = YES;
				CLANG_WARN__DUPLICATE_METHOD_MATCH = YES;
				COPY_PHASE_STRIP = NO;
				DEBUG_INFORMATION_FORMAT = dwarf;
				ENABLE_STRICT_OBJC_MSGSEND = YES;
				ENABLE_TESTABILITY = YES;
				GCC_C_LANGUAGE_STANDARD = gnu99;
				GCC_DYNAMIC_NO_PIC = NO;
				GCC_NO_COMMON_BLOCKS = YES;
				GCC_OPTIMIZATION_LEVEL = 0;
				GCC_PREPROCESSOR_DEFINITIONS = (
					"DEBUG=1",
					"$(inherited)",
				);
				GCC_WARN_64_TO_32_BIT_CONVERSION = YES;
				GCC_WARN_ABOUT_RETURN_TYPE = YES_ERROR;
				GCC_WARN_UNDECLARED_SELECTOR = YES;
				GCC_WARN_UNINITIALIZED_AUTOS = YES_AGGRESSIVE;
				GCC_WARN_UNUSED_FUNCTION = YES;
				GCC_WARN_UNUSED_VARIABLE = YES;
				MTL_ENABLE_DEBUG_INFO = YES;
				ONLY_ACTIVE_ARCH = YES;
				SDKROOT = appletvos;
				SWIFT_OPTIMIZATION_LEVEL = "-Onone";
				TARGETED_DEVICE_FAMILY = 3;
				TVOS_DEPLOYMENT_TARGET = 9.2;
			};
			name = Debug;
		};
		91914D4B1CB8ECD80092C7A2 /* Release */ = {
			isa = XCBuildConfiguration;
			buildSettings = {
				ALWAYS_SEARCH_USER_PATHS = NO;
				CLANG_ANALYZER_NONNULL = YES;
				CLANG_CXX_LANGUAGE_STANDARD = "gnu++0x";
				CLANG_CXX_LIBRARY = "libc++";
				CLANG_ENABLE_MODULES = YES;
				CLANG_ENABLE_OBJC_ARC = YES;
				CLANG_WARN_BOOL_CONVERSION = YES;
				CLANG_WARN_CONSTANT_CONVERSION = YES;
				CLANG_WARN_DIRECT_OBJC_ISA_USAGE = YES_ERROR;
				CLANG_WARN_EMPTY_BODY = YES;
				CLANG_WARN_ENUM_CONVERSION = YES;
				CLANG_WARN_INT_CONVERSION = YES;
				CLANG_WARN_OBJC_ROOT_CLASS = YES_ERROR;
				CLANG_WARN_UNREACHABLE_CODE = YES;
				CLANG_WARN__DUPLICATE_METHOD_MATCH = YES;
				COPY_PHASE_STRIP = NO;
				DEBUG_INFORMATION_FORMAT = "dwarf-with-dsym";
				ENABLE_NS_ASSERTIONS = NO;
				ENABLE_STRICT_OBJC_MSGSEND = YES;
				GCC_C_LANGUAGE_STANDARD = gnu99;
				GCC_NO_COMMON_BLOCKS = YES;
				GCC_WARN_64_TO_32_BIT_CONVERSION = YES;
				GCC_WARN_ABOUT_RETURN_TYPE = YES_ERROR;
				GCC_WARN_UNDECLARED_SELECTOR = YES;
				GCC_WARN_UNINITIALIZED_AUTOS = YES_AGGRESSIVE;
				GCC_WARN_UNUSED_FUNCTION = YES;
				GCC_WARN_UNUSED_VARIABLE = YES;
				MTL_ENABLE_DEBUG_INFO = NO;
				SDKROOT = appletvos;
				TARGETED_DEVICE_FAMILY = 3;
				TVOS_DEPLOYMENT_TARGET = 9.2;
				VALIDATE_PRODUCT = YES;
			};
			name = Release;
		};
		91914D4D1CB8ECD80092C7A2 /* Debug */ = {
			isa = XCBuildConfiguration;
			baseConfigurationReference = 7F7EEB78604C455D9DDAD1B5 /* Pods-Drawland.debug.xcconfig */;
			buildSettings = {
				ASSETCATALOG_COMPILER_APPICON_NAME = "App Icon & Top Shelf Image";
				ASSETCATALOG_COMPILER_LAUNCHIMAGE_NAME = LaunchImage;
				CLANG_ENABLE_MODULES = YES;
				CODE_SIGN_IDENTITY = "iPhone Developer";
				"CODE_SIGN_IDENTITY[sdk=appletvos*]" = "iPhone Developer";
				INFOPLIST_FILE = Drawland/Info.plist;
				LD_RUNPATH_SEARCH_PATHS = "$(inherited) @executable_path/Frameworks";
				PRODUCT_BUNDLE_IDENTIFIER = com.strv.Drawland;
				PRODUCT_NAME = "$(TARGET_NAME)";
				PROVISIONING_PROFILE = "";
				SDKROOT = appletvos;
				SWIFT_OBJC_BRIDGING_HEADER = "Drawland-Bridging-Header.h";
				SWIFT_OPTIMIZATION_LEVEL = "-Onone";
			};
			name = Debug;
		};
		91914D4E1CB8ECD80092C7A2 /* Release */ = {
			isa = XCBuildConfiguration;
			baseConfigurationReference = 0915CDC31268D4BB5AB6DE13 /* Pods-Drawland.release.xcconfig */;
			buildSettings = {
				ASSETCATALOG_COMPILER_APPICON_NAME = "App Icon & Top Shelf Image";
				ASSETCATALOG_COMPILER_LAUNCHIMAGE_NAME = LaunchImage;
				CLANG_ENABLE_MODULES = YES;
				CODE_SIGN_IDENTITY = "iPhone Developer";
				"CODE_SIGN_IDENTITY[sdk=appletvos*]" = "iPhone Developer";
				INFOPLIST_FILE = Drawland/Info.plist;
				LD_RUNPATH_SEARCH_PATHS = "$(inherited) @executable_path/Frameworks";
				PRODUCT_BUNDLE_IDENTIFIER = com.strv.Drawland;
				PRODUCT_NAME = "$(TARGET_NAME)";
				PROVISIONING_PROFILE = "";
				SDKROOT = appletvos;
				SWIFT_OBJC_BRIDGING_HEADER = "Drawland-Bridging-Header.h";
			};
			name = Release;
		};
/* End XCBuildConfiguration section */

/* Begin XCConfigurationList section */
		91914D381CB8ECD80092C7A2 /* Build configuration list for PBXProject "Drawland" */ = {
			isa = XCConfigurationList;
			buildConfigurations = (
				91914D4A1CB8ECD80092C7A2 /* Debug */,
				91914D4B1CB8ECD80092C7A2 /* Release */,
			);
			defaultConfigurationIsVisible = 0;
			defaultConfigurationName = Release;
		};
		91914D4C1CB8ECD80092C7A2 /* Build configuration list for PBXNativeTarget "Drawland" */ = {
			isa = XCConfigurationList;
			buildConfigurations = (
				91914D4D1CB8ECD80092C7A2 /* Debug */,
				91914D4E1CB8ECD80092C7A2 /* Release */,
			);
			defaultConfigurationIsVisible = 0;
			defaultConfigurationName = Release;
		};
/* End XCConfigurationList section */
	};
	rootObject = 91914D351CB8ECD80092C7A2 /* Project object */;
}
